
Microsoft Visual Studio Solution File, Format Version 12.00
# Visual Studio Version 17
VisualStudioVersion = 17.14.36221.1
MinimumVisualStudioVersion = 10.0.40219.1
Project("{FAE04EC0-301F-11D3-BF4B-00C04F79EFBC}") = "system_main", "system_main\system_main.csproj", "{4CDA87DC-D27A-422A-83F5-9F71B5116C9E}"
EndProject
Project("{FAE04EC0-301F-11D3-BF4B-00C04F79EFBC}") = "UI_Inventory_", "UI_Inventory_\UI_Inventory_.csproj", "{F36448F9-D552-45DA-B92A-BE3DD72EDF0D}"
EndProject
Global
	GlobalSection(SolutionConfigurationPlatforms) = preSolution
		Debug|Any CPU = Debug|Any CPU
		Release|Any CPU = Release|Any CPU
	EndGlobalSection
	GlobalSection(ProjectConfigurationPlatforms) = postSolution
		{4CDA87DC-D27A-422A-83F5-9F71B5116C9E}.Debug|Any CPU.ActiveCfg = Debug|Any CPU
		{4CDA87DC-D27A-422A-83F5-9F71B5116C9E}.Debug|Any CPU.Build.0 = Debug|Any CPU
		{4CDA87DC-D27A-422A-83F5-9F71B5116C9E}.Release|Any CPU.ActiveCfg = Release|Any CPU
		{4CDA87DC-D27A-422A-83F5-9F71B5116C9E}.Release|Any CPU.Build.0 = Release|Any CPU
		{F36448F9-D552-45DA-B92A-BE3DD72EDF0D}.Debug|Any CPU.ActiveCfg = Debug|Any CPU
		{F36448F9-D552-45DA-B92A-BE3DD72EDF0D}.Debug|Any CPU.Build.0 = Debug|Any CPU
		{F36448F9-D552-45DA-B92A-BE3DD72EDF0D}.Release|Any CPU.ActiveCfg = Release|Any CPU
		{F36448F9-D552-45DA-B92A-BE3DD72EDF0D}.Release|Any CPU.Build.0 = Release|Any CPU
	EndGlobalSection
	GlobalSection(SolutionProperties) = preSolution
		HideSolutionNode = FALSE
	EndGlobalSection
	GlobalSection(ExtensibilityGlobals) = postSolution
		SolutionGuid = {9652612D-691C-47C0-9D2F-0DBB84E0119D}
	EndGlobalSection
EndGlobal
